
Microsoft Visual Studio Solution File, Format Version 12.00
# Visual Studio Version 17
VisualStudioVersion = 17.4.33403.182
MinimumVisualStudioVersion = 10.0.40219.1
Project("{FAE04EC0-301F-11D3-BF4B-00C04F79EFBC}") = "DemoArrayGame", "DemoArrayGame\DemoArrayGame.csproj", "{FEC4846A-E33D-41ED-9888-577CA55DD66D}"
EndProject
Global
	GlobalSection(SolutionConfigurationPlatforms) = preSolution
		Debug|Any CPU = Debug|Any CPU
		Release|Any CPU = Release|Any CPU
	EndGlobalSection
	GlobalSection(ProjectConfigurationPlatforms) = postSolution
		{FEC4846A-E33D-41ED-9888-577CA55DD66D}.Debug|Any CPU.ActiveCfg = Debug|Any CPU
		{FEC4846A-E33D-41ED-9888-577CA55DD66D}.Debug|Any CPU.Build.0 = Debug|Any CPU
		{FEC4846A-E33D-41ED-9888-577CA55DD66D}.Release|Any CPU.ActiveCfg = Release|Any CPU
		{FEC4846A-E33D-41ED-9888-577CA55DD66D}.Release|Any CPU.Build.0 = Release|Any CPU
	EndGlobalSection
	GlobalSection(SolutionProperties) = preSolution
		HideSolutionNode = FALSE
	EndGlobalSection
	GlobalSection(ExtensibilityGlobals) = postSolution
		SolutionGuid = {0BBEC1DC-7390-49A1-A7BF-21E9B0AA09F8}
	EndGlobalSection
EndGlobal
